
Microsoft Visual Studio Solution File, Format Version 12.00
# Visual Studio Version 17
VisualStudioVersion = 17.2.32505.173
MinimumVisualStudioVersion = 10.0.40219.1
Project("{9A19103F-16F7-4668-BE54-9A1E7A4F7556}") = "SalesWebsite.Backend", "SalesWebsite.Backend\SalesWebsite.Backend.csproj", "{CCE7D44D-8470-4B14-9EB1-EBD3B763826B}"
EndProject
Project("{9A19103F-16F7-4668-BE54-9A1E7A4F7556}") = "SalesWebsite.Shared", "ClassLibrary1\SalesWebsite.Shared.csproj", "{2861862C-F98F-43E2-8562-2BF5F55DA977}"
EndProject
Project("{9A19103F-16F7-4668-BE54-9A1E7A4F7556}") = "SalesWebsite.CustomerSite", "SalesWebsite.CustomerSite\SalesWebsite.CustomerSite.csproj", "{08D514D1-0973-48BC-A5AA-7315EC2E867E}"
EndProject
Project("{9A19103F-16F7-4668-BE54-9A1E7A4F7556}") = "SalesWebsite.UnitTest", "SalesWebsite.UnitTest\SalesWebsite.UnitTest.csproj", "{29F123E6-0082-4891-B8DC-28C80F429DEC}"
EndProject
Global
	GlobalSection(SolutionConfigurationPlatforms) = preSolution
		Debug|Any CPU = Debug|Any CPU
		Release|Any CPU = Release|Any CPU
	EndGlobalSection
	GlobalSection(ProjectConfigurationPlatforms) = postSolution
		{CCE7D44D-8470-4B14-9EB1-EBD3B763826B}.Debug|Any CPU.ActiveCfg = Debug|Any CPU
		{CCE7D44D-8470-4B14-9EB1-EBD3B763826B}.Debug|Any CPU.Build.0 = Debug|Any CPU
		{CCE7D44D-8470-4B14-9EB1-EBD3B763826B}.Release|Any CPU.ActiveCfg = Release|Any CPU
		{CCE7D44D-8470-4B14-9EB1-EBD3B763826B}.Release|Any CPU.Build.0 = Release|Any CPU
		{2861862C-F98F-43E2-8562-2BF5F55DA977}.Debug|Any CPU.ActiveCfg = Debug|Any CPU
		{2861862C-F98F-43E2-8562-2BF5F55DA977}.Debug|Any CPU.Build.0 = Debug|Any CPU
		{2861862C-F98F-43E2-8562-2BF5F55DA977}.Release|Any CPU.ActiveCfg = Release|Any CPU
		{2861862C-F98F-43E2-8562-2BF5F55DA977}.Release|Any CPU.Build.0 = Release|Any CPU
		{08D514D1-0973-48BC-A5AA-7315EC2E867E}.Debug|Any CPU.ActiveCfg = Debug|Any CPU
		{08D514D1-0973-48BC-A5AA-7315EC2E867E}.Debug|Any CPU.Build.0 = Debug|Any CPU
		{08D514D1-0973-48BC-A5AA-7315EC2E867E}.Release|Any CPU.ActiveCfg = Release|Any CPU
		{08D514D1-0973-48BC-A5AA-7315EC2E867E}.Release|Any CPU.Build.0 = Release|Any CPU
		{29F123E6-0082-4891-B8DC-28C80F429DEC}.Debug|Any CPU.ActiveCfg = Debug|Any CPU
		{29F123E6-0082-4891-B8DC-28C80F429DEC}.Debug|Any CPU.Build.0 = Debug|Any CPU
		{29F123E6-0082-4891-B8DC-28C80F429DEC}.Release|Any CPU.ActiveCfg = Release|Any CPU
		{29F123E6-0082-4891-B8DC-28C80F429DEC}.Release|Any CPU.Build.0 = Release|Any CPU
	EndGlobalSection
	GlobalSection(SolutionProperties) = preSolution
		HideSolutionNode = FALSE
	EndGlobalSection
	GlobalSection(ExtensibilityGlobals) = postSolution
		SolutionGuid = {B56FB3C9-A633-40BC-BFDC-3EFF7B9F3F2D}
	EndGlobalSection
EndGlobal
